# @generated - this file is auto-generated by `mise lock` https://mise.en.dev/dev-tools/mise-lock.html

[[tools.python]]
version = "3.12.13"
backend = "core:python"

[tools.python."platforms.linux-arm64"]
checksum = "sha256:953dcf67ff395d5baff77ef60bc852aaadad4c169e9b8d65dbc40ab9461a13e3"
url = "https://github.com/astral-sh/python-build-standalone/releases/download/20260414/cpython-3.12.13+20260414-aarch64-unknown-linux-gnu-install_only_stripped.tar.gz"
provenance = "github-attestations"

[tools.python."platforms.linux-arm64-musl"]
checksum = "sha256:14b1e5337b5f82dbe83f4afe4748ac578109dcf0f7eefefa10251621e3b213be"
url = "https://github.com/astral-sh/python-build-standalone/releases/download/20260414/cpython-3.12.13+20260414-aarch64-unknown-linux-musl-install_only_stripped.tar.gz"
provenance = "github-attestations"

[tools.python."platforms.linux-x64"]
checksum = "sha256:3c3427e5628648478da2aa227472c350475a68bc58109f1b43849636a4aecb89"
url = "https://github.com/astral-sh/python-build-standalone/releases/download/20260414/cpython-3.12.13+20260414-x86_64-unknown-linux-gnu-install_only_stripped.tar.gz"
provenance = "github-attestations"

[tools.python."platforms.linux-x64-musl"]
checksum = "sha256:d2da5b0dc64d47369ea307d54481928013690e543f22984bf8447f8db5e9bb71"
url = "https://github.com/astral-sh/python-build-standalone/releases/download/20260414/cpython-3.12.13+20260414-x86_64-unknown-linux-musl-install_only_stripped.tar.gz"
provenance = "github-attestations"

[tools.python."platforms.macos-arm64"]
checksum = "sha256:38f71c324ae14ee5ef844c62e06b6faa5ba3040c898b4c1d03b8b6e88794356b"
url = "https://github.com/astral-sh/python-build-standalone/releases/download/20260414/cpython-3.12.13+20260414-aarch64-apple-darwin-install_only_stripped.tar.gz"
provenance = "github-attestations"

[tools.python."platforms.macos-x64"]
checksum = "sha256:bf9e2eb4834272cae196e4a8473d48f15878114cedbc278fe53cd85ab28dc0ed"
url = "https://github.com/astral-sh/python-build-standalone/releases/download/20260414/cpython-3.12.13+20260414-x86_64-apple-darwin-install_only_stripped.tar.gz"
provenance = "github-attestations"

[tools.python."platforms.windows-x64"]
checksum = "sha256:d785d2e901a8194dcdb8c23c2b37a46ed84fdc04e87398dc5b832644330de71e"
url = "https://github.com/astral-sh/python-build-standalone/releases/download/20260414/cpython-3.12.13+20260414-x86_64-pc-windows-msvc-install_only_stripped.tar.gz"
provenance = "github-attestations"
